
Microsoft Visual Studio Solution File, Format Version 12.00
# Visual Studio 15
VisualStudioVersion = 15.0.27703.2000
MinimumVisualStudioVersion = 10.0.40219.1
Project("{FAE04EC0-301F-11D3-BF4B-00C04F79EFBC}") = "Crawler", "Crawler\Crawler.csproj", "{15BAF8E0-1CE1-4362-B9AC-2A4727F045C9}"
EndProject
Project("{FAE04EC0-301F-11D3-BF4B-00C04F79EFBC}") = "Crawler.Tests", "Crawler.Tests\Crawler.Tests.csproj", "{69B9C54F-ED18-49AD-855D-D8115C686C1E}"
EndProject
Global
	GlobalSection(SolutionConfigurationPlatforms) = preSolution
		Debug|Any CPU = Debug|Any CPU
		Release|Any CPU = Release|Any CPU
	EndGlobalSection
	GlobalSection(ProjectConfigurationPlatforms) = postSolution
		{15BAF8E0-1CE1-4362-B9AC-2A4727F045C9}.Debug|Any CPU.ActiveCfg = Debug|Any CPU
		{15BAF8E0-1CE1-4362-B9AC-2A4727F045C9}.Debug|Any CPU.Build.0 = Debug|Any CPU
		{15BAF8E0-1CE1-4362-B9AC-2A4727F045C9}.Release|Any CPU.ActiveCfg = Release|Any CPU
		{15BAF8E0-1CE1-4362-B9AC-2A4727F045C9}.Release|Any CPU.Build.0 = Release|Any CPU
		{69B9C54F-ED18-49AD-855D-D8115C686C1E}.Debug|Any CPU.ActiveCfg = Debug|Any CPU
		{69B9C54F-ED18-49AD-855D-D8115C686C1E}.Debug|Any CPU.Build.0 = Debug|Any CPU
		{69B9C54F-ED18-49AD-855D-D8115C686C1E}.Release|Any CPU.ActiveCfg = Release|Any CPU
		{69B9C54F-ED18-49AD-855D-D8115C686C1E}.Release|Any CPU.Build.0 = Release|Any CPU
	EndGlobalSection
	GlobalSection(SolutionProperties) = preSolution
		HideSolutionNode = FALSE
	EndGlobalSection
	GlobalSection(ExtensibilityGlobals) = postSolution
		SolutionGuid = {3CA9D59A-0D30-4704-9C14-371D14BCB41A}
	EndGlobalSection
EndGlobal
